
Microsoft Visual Studio Solution File, Format Version 12.00
# Visual Studio Version 16
VisualStudioVersion = 16.0.30621.155
MinimumVisualStudioVersion = 10.0.40219.1
Project("{9A19103F-16F7-4668-BE54-9A1E7A4F7556}") = "BoundyBotNet.Services", "BoundyBotNet.Services\BoundyBotNet.Services.csproj", "{2678FE84-2F5E-429F-B1CA-6C148C6D353C}"
EndProject
Project("{9A19103F-16F7-4668-BE54-9A1E7A4F7556}") = "BoundyBot.Bot", "BoundyBot.Bot\BoundyBot.Bot.csproj", "{FC7CF039-A3FB-4409-9C98-94837CA9BD65}"
EndProject
Global
	GlobalSection(SolutionConfigurationPlatforms) = preSolution
		Debug|Any CPU = Debug|Any CPU
		Release|Any CPU = Release|Any CPU
	EndGlobalSection
	GlobalSection(ProjectConfigurationPlatforms) = postSolution
		{2678FE84-2F5E-429F-B1CA-6C148C6D353C}.Debug|Any CPU.ActiveCfg = Debug|Any CPU
		{2678FE84-2F5E-429F-B1CA-6C148C6D353C}.Debug|Any CPU.Build.0 = Debug|Any CPU
		{2678FE84-2F5E-429F-B1CA-6C148C6D353C}.Release|Any CPU.ActiveCfg = Release|Any CPU
		{2678FE84-2F5E-429F-B1CA-6C148C6D353C}.Release|Any CPU.Build.0 = Release|Any CPU
		{FC7CF039-A3FB-4409-9C98-94837CA9BD65}.Debug|Any CPU.ActiveCfg = Debug|Any CPU
		{FC7CF039-A3FB-4409-9C98-94837CA9BD65}.Debug|Any CPU.Build.0 = Debug|Any CPU
		{FC7CF039-A3FB-4409-9C98-94837CA9BD65}.Release|Any CPU.ActiveCfg = Release|Any CPU
		{FC7CF039-A3FB-4409-9C98-94837CA9BD65}.Release|Any CPU.Build.0 = Release|Any CPU
	EndGlobalSection
	GlobalSection(SolutionProperties) = preSolution
		HideSolutionNode = FALSE
	EndGlobalSection
	GlobalSection(ExtensibilityGlobals) = postSolution
		SolutionGuid = {444143FC-EF07-4007-8001-C976B614E849}
	EndGlobalSection
EndGlobal
